{
  "artifact": "src/generated/productAnalytics.ts",
  "artifact_commit": "72d3fcfdf0d7348d9b950234df87c0b9d975cad1",
  "artifact_sha256": "affd0d9c6652cee9ae9878254ac712b84f9e0bc2a28b12881624f5930b6643f0",
  "contract_commit": "02083864050efdba549f118ba11bf6111f4bb7ba",
  "manifest": "analytics-contract.manifest.json",
  "manifest_sha256": "602d1cf981fbb66a0080049935bc2443db6473e113a5b67028d283ba780b8a18",
  "schema_version": 2,
  "source_artifact": "analytics/generated/productAnalytics.ts",
  "source_manifest": "analytics/generated/manifest.json"
}
